{
  "version": 4,
  "terraform_version": "1.9.8",
  "serial": 16,
  "lineage": "5859bdc0-0940-3e40-d375-ab48f0136e14",
  "outputs": {},
  "resources": [
    {
      "mode": "managed",
      "type": "aws_vpc",
      "name": "example",
      "provider": "provider[\"registry.terraform.io/hashicorp/aws\"]",
      "instances": [
        {
          "schema_version": 1,
          "attributes": {
            "arn": "arn:aws:ec2:ap-northeast-2:495599771991:vpc/vpc-07025cb7d35f480cf",
            "assign_generated_ipv6_cidr_block": false,
            "cidr_block": "10.0.0.0/16",
            "default_network_acl_id": "acl-0dcb04bf78ee5c71f",
            "default_route_table_id": "rtb-095ad521c13746490",
            "default_security_group_id": "sg-0f21e2407bd41e96c",
            "dhcp_options_id": "dopt-04f427a08247561a3",
            "enable_classiclink": false,
            "enable_classiclink_dns_support": false,
            "enable_dns_hostnames": false,
            "enable_dns_support": true,
            "enable_network_address_usage_metrics": false,
            "id": "vpc-07025cb7d35f480cf",
            "instance_tenancy": "default",
            "ipv4_ipam_pool_id": null,
            "ipv4_netmask_length": null,
            "ipv6_association_id": "",
            "ipv6_cidr_block": "",
            "ipv6_cidr_block_network_border_group": "",
            "ipv6_ipam_pool_id": "",
            "ipv6_netmask_length": 0,
            "main_route_table_id": "rtb-095ad521c13746490",
            "owner_id": "495599771991",
            "tags": {
              "Name": "example-1"
            },
            "tags_all": {
              "Name": "example-1"
            }
          },
          "sensitive_attributes": [],
          "private": "eyJzY2hlbWFfdmVyc2lvbiI6IjEifQ=="
        }
      ]
    }
  ],
  "check_results": null
}
